
Microsoft Visual Studio Solution File, Format Version 12.00
# Visual Studio Version 17
VisualStudioVersion = 17.5.002.0
MinimumVisualStudioVersion = 10.0.40219.1
Project("{2150E333-8FDC-42A3-9474-1A3956D46DE8}") = "csharp-prep", "csharp-prep", "{7DCA60F3-61C2-445B-9029-330F63B2F60A}"
EndProject
Project("{9A19103F-16F7-4668-BE54-9A1E7A4F7556}") = "Prep1", "csharp-prep\Prep1\Prep1.csproj", "{293607E3-F4EF-48E9-9EC7-EED8804186F8}"
EndProject
Project("{9A19103F-16F7-4668-BE54-9A1E7A4F7556}") = "Prep2", "csharp-prep\Prep2\Prep2.csproj", "{24C799C0-1856-4014-A163-202D2AE6D071}"
EndProject
Project("{9A19103F-16F7-4668-BE54-9A1E7A4F7556}") = "Prep3", "csharp-prep\Prep3\Prep3.csproj", "{0F82CD24-4996-49C4-91BE-3625CF6A7DA9}"
EndProject
Project("{9A19103F-16F7-4668-BE54-9A1E7A4F7556}") = "Prep4", "csharp-prep\Prep4\Prep4.csproj", "{77A77B6E-B25D-4701-8ADD-D3CBCC453C1E}"
EndProject
Project("{9A19103F-16F7-4668-BE54-9A1E7A4F7556}") = "Prep5", "csharp-prep\Prep5\Prep5.csproj", "{A0BA557C-A2D3-459C-9BA0-29D3A7C28693}"
EndProject
Project("{2150E333-8FDC-42A3-9474-1A3956D46DE8}") = "final", "final", "{B347FE7F-2174-4647-BA70-8ACD2B4C33EC}"
EndProject
Project("{9A19103F-16F7-4668-BE54-9A1E7A4F7556}") = "FinalProject", "final\FinalProject\FinalProject.csproj", "{F572BE55-7112-429D-9410-9A5839D42F38}"
EndProject
Project("{9A19103F-16F7-4668-BE54-9A1E7A4F7556}") = "Foundation1", "final\Foundation1\Foundation1.csproj", "{AB8F9A1E-C076-4E25-9280-5036BE8BA60C}"
EndProject
Project("{9A19103F-16F7-4668-BE54-9A1E7A4F7556}") = "Foundation2", "final\Foundation2\Foundation2.csproj", "{E2801611-CBD7-4280-B7AF-83BC64633673}"
EndProject
Project("{9A19103F-16F7-4668-BE54-9A1E7A4F7556}") = "Foundation3", "final\Foundation3\Foundation3.csproj", "{9333634F-CE61-4902-A2D4-54C71D43BD0E}"
EndProject
Project("{9A19103F-16F7-4668-BE54-9A1E7A4F7556}") = "Foundation4", "final\Foundation4\Foundation4.csproj", "{8AF4C203-5836-4C49-9A47-5AEC2CEDE9A8}"
EndProject
Project("{2150E333-8FDC-42A3-9474-1A3956D46DE8}") = "prepare", "prepare", "{BB8AF711-9F86-4E15-8FE8-2A2A837EF2CC}"
EndProject
Project("{9A19103F-16F7-4668-BE54-9A1E7A4F7556}") = "Learning02", "prepare\Learning02\Learning02.csproj", "{B338BD36-A56E-4FC8-955B-19331AD04910}"
EndProject
Project("{9A19103F-16F7-4668-BE54-9A1E7A4F7556}") = "Learning03", "prepare\Learning03\Learning03.csproj", "{1A9C8484-5ABA-449D-A699-6E711C98F0C1}"
EndProject
Project("{9A19103F-16F7-4668-BE54-9A1E7A4F7556}") = "Learning04", "prepare\Learning04\Learning04.csproj", "{F2AA6151-FCC1-4B59-A87F-D52546289CBC}"
EndProject
Project("{9A19103F-16F7-4668-BE54-9A1E7A4F7556}") = "Learning05", "prepare\Learning05\Learning05.csproj", "{DF1DDD96-690E-40C1-808C-0BA9201D6404}"
EndProject
Project("{2150E333-8FDC-42A3-9474-1A3956D46DE8}") = "prove", "prove", "{3A8B0413-B179-4709-AC11-0F848FD5E697}"
EndProject
Project("{9A19103F-16F7-4668-BE54-9A1E7A4F7556}") = "Develop02", "prove\Develop02\Develop02.csproj", "{F16A438B-247F-402F-BCD3-736C78032DB5}"
EndProject
Project("{9A19103F-16F7-4668-BE54-9A1E7A4F7556}") = "Develop03", "prove\Develop03\Develop03.csproj", "{CFC5ADB9-CB36-4125-9FC4-FD51F5C2C357}"
EndProject
Project("{9A19103F-16F7-4668-BE54-9A1E7A4F7556}") = "Develop04", "prove\Develop04\Develop04.csproj", "{59AA9E52-35EE-45A7-A37C-2147BA7B533E}"
EndProject
Project("{9A19103F-16F7-4668-BE54-9A1E7A4F7556}") = "Develop05", "prove\Develop05\Develop05.csproj", "{AC840295-5ECC-405B-AE3D-0F37D8BD171A}"
EndProject
Project("{2150E333-8FDC-42A3-9474-1A3956D46DE8}") = "sandbox", "sandbox", "{28E16C4B-D24A-4DE6-8D3D-69F4A90C37AB}"
EndProject
Project("{9A19103F-16F7-4668-BE54-9A1E7A4F7556}") = "Sandbox", "sandbox\Sandbox\Sandbox.csproj", "{735AB3A9-745C-4825-A96E-B0D985837484}"
EndProject
Global
	GlobalSection(SolutionConfigurationPlatforms) = preSolution
		Debug|Any CPU = Debug|Any CPU
		Release|Any CPU = Release|Any CPU
	EndGlobalSection
	GlobalSection(ProjectConfigurationPlatforms) = postSolution
		{293607E3-F4EF-48E9-9EC7-EED8804186F8}.Debug|Any CPU.ActiveCfg = Debug|Any CPU
		{293607E3-F4EF-48E9-9EC7-EED8804186F8}.Debug|Any CPU.Build.0 = Debug|Any CPU
		{293607E3-F4EF-48E9-9EC7-EED8804186F8}.Release|Any CPU.ActiveCfg = Release|Any CPU
		{293607E3-F4EF-48E9-9EC7-EED8804186F8}.Release|Any CPU.Build.0 = Release|Any CPU
		{24C799C0-1856-4014-A163-202D2AE6D071}.Debug|Any CPU.ActiveCfg = Debug|Any CPU
		{24C799C0-1856-4014-A163-202D2AE6D071}.Debug|Any CPU.Build.0 = Debug|Any CPU
		{24C799C0-1856-4014-A163-202D2AE6D071}.Release|Any CPU.ActiveCfg = Release|Any CPU
		{24C799C0-1856-4014-A163-202D2AE6D071}.Release|Any CPU.Build.0 = Release|Any CPU
		{0F82CD24-4996-49C4-91BE-3625CF6A7DA9}.Debug|Any CPU.ActiveCfg = Debug|Any CPU
		{0F82CD24-4996-49C4-91BE-3625CF6A7DA9}.Debug|Any CPU.Build.0 = Debug|Any CPU
		{0F82CD24-4996-49C4-91BE-3625CF6A7DA9}.Release|Any CPU.ActiveCfg = Release|Any CPU
		{0F82CD24-4996-49C4-91BE-3625CF6A7DA9}.Release|Any CPU.Build.0 = Release|Any CPU
		{77A77B6E-B25D-4701-8ADD-D3CBCC453C1E}.Debug|Any CPU.ActiveCfg = Debug|Any CPU
		{77A77B6E-B25D-4701-8ADD-D3CBCC453C1E}.Debug|Any CPU.Build.0 = Debug|Any CPU
		{77A77B6E-B25D-4701-8ADD-D3CBCC453C1E}.Release|Any CPU.ActiveCfg = Release|Any CPU
		{77A77B6E-B25D-4701-8ADD-D3CBCC453C1E}.Release|Any CPU.Build.0 = Release|Any CPU
		{A0BA557C-A2D3-459C-9BA0-29D3A7C28693}.Debug|Any CPU.ActiveCfg = Debug|Any CPU
		{A0BA557C-A2D3-459C-9BA0-29D3A7C28693}.Debug|Any CPU.Build.0 = Debug|Any CPU
		{A0BA557C-A2D3-459C-9BA0-29D3A7C28693}.Release|Any CPU.ActiveCfg = Release|Any CPU
		{A0BA557C-A2D3-459C-9BA0-29D3A7C28693}.Release|Any CPU.Build.0 = Release|Any CPU
		{F572BE55-7112-429D-9410-9A5839D42F38}.Debug|Any CPU.ActiveCfg = Debug|Any CPU
		{F572BE55-7112-429D-9410-9A5839D42F38}.Debug|Any CPU.Build.0 = Debug|Any CPU
		{F572BE55-7112-429D-9410-9A5839D42F38}.Release|Any CPU.ActiveCfg = Release|Any CPU
		{F572BE55-7112-429D-9410-9A5839D42F38}.Release|Any CPU.Build.0 = Release|Any CPU
		{AB8F9A1E-C076-4E25-9280-5036BE8BA60C}.Debug|Any CPU.ActiveCfg = Debug|Any CPU
		{AB8F9A1E-C076-4E25-9280-5036BE8BA60C}.Debug|Any CPU.Build.0 = Debug|Any CPU
		{AB8F9A1E-C076-4E25-9280-5036BE8BA60C}.Release|Any CPU.ActiveCfg = Release|Any CPU
		{AB8F9A1E-C076-4E25-9280-5036BE8BA60C}.Release|Any CPU.Build.0 = Release|Any CPU
		{E2801611-CBD7-4280-B7AF-83BC64633673}.Debug|Any CPU.ActiveCfg = Debug|Any CPU
		{E2801611-CBD7-4280-B7AF-83BC64633673}.Debug|Any CPU.Build.0 = Debug|Any CPU
		{E2801611-CBD7-4280-B7AF-83BC64633673}.Release|Any CPU.ActiveCfg = Release|Any CPU
		{E2801611-CBD7-4280-B7AF-83BC64633673}.Release|Any CPU.Build.0 = Release|Any CPU
		{9333634F-CE61-4902-A2D4-54C71D43BD0E}.Debug|Any CPU.ActiveCfg = Debug|Any CPU
		{9333634F-CE61-4902-A2D4-54C71D43BD0E}.Debug|Any CPU.Build.0 = Debug|Any CPU
		{9333634F-CE61-4902-A2D4-54C71D43BD0E}.Release|Any CPU.ActiveCfg = Release|Any CPU
		{9333634F-CE61-4902-A2D4-54C71D43BD0E}.Release|Any CPU.Build.0 = Release|Any CPU
		{8AF4C203-5836-4C49-9A47-5AEC2CEDE9A8}.Debug|Any CPU.ActiveCfg = Debug|Any CPU
		{8AF4C203-5836-4C49-9A47-5AEC2CEDE9A8}.Debug|Any CPU.Build.0 = Debug|Any CPU
		{8AF4C203-5836-4C49-9A47-5AEC2CEDE9A8}.Release|Any CPU.ActiveCfg = Release|Any CPU
		{8AF4C203-5836-4C49-9A47-5AEC2CEDE9A8}.Release|Any CPU.Build.0 = Release|Any CPU
		{B338BD36-A56E-4FC8-955B-19331AD04910}.Debug|Any CPU.ActiveCfg = Debug|Any CPU
		{B338BD36-A56E-4FC8-955B-19331AD04910}.Debug|Any CPU.Build.0 = Debug|Any CPU
		{B338BD36-A56E-4FC8-955B-19331AD04910}.Release|Any CPU.ActiveCfg = Release|Any CPU
		{B338BD36-A56E-4FC8-955B-19331AD04910}.Release|Any CPU.Build.0 = Release|Any CPU
		{1A9C8484-5ABA-449D-A699-6E711C98F0C1}.Debug|Any CPU.ActiveCfg = Debug|Any CPU
		{1A9C8484-5ABA-449D-A699-6E711C98F0C1}.Debug|Any CPU.Build.0 = Debug|Any CPU
		{1A9C8484-5ABA-449D-A699-6E711C98F0C1}.Release|Any CPU.ActiveCfg = Release|Any CPU
		{1A9C8484-5ABA-449D-A699-6E711C98F0C1}.Release|Any CPU.Build.0 = Release|Any CPU
		{F2AA6151-FCC1-4B59-A87F-D52546289CBC}.Debug|Any CPU.ActiveCfg = Debug|Any CPU
		{F2AA6151-FCC1-4B59-A87F-D52546289CBC}.Debug|Any CPU.Build.0 = Debug|Any CPU
		{F2AA6151-FCC1-4B59-A87F-D52546289CBC}.Release|Any CPU.ActiveCfg = Release|Any CPU
		{F2AA6151-FCC1-4B59-A87F-D52546289CBC}.Release|Any CPU.Build.0 = Release|Any CPU
		{DF1DDD96-690E-40C1-808C-0BA9201D6404}.Debug|Any CPU.ActiveCfg = Debug|Any CPU
		{DF1DDD96-690E-40C1-808C-0BA9201D6404}.Debug|Any CPU.Build.0 = Debug|Any CPU
		{DF1DDD96-690E-40C1-808C-0BA9201D6404}.Release|Any CPU.ActiveCfg = Release|Any CPU
		{DF1DDD96-690E-40C1-808C-0BA9201D6404}.Release|Any CPU.Build.0 = Release|Any CPU
		{F16A438B-247F-402F-BCD3-736C78032DB5}.Debug|Any CPU.ActiveCfg = Debug|Any CPU
		{F16A438B-247F-402F-BCD3-736C78032DB5}.Debug|Any CPU.Build.0 = Debug|Any CPU
		{F16A438B-247F-402F-BCD3-736C78032DB5}.Release|Any CPU.ActiveCfg = Release|Any CPU
		{F16A438B-247F-402F-BCD3-736C78032DB5}.Release|Any CPU.Build.0 = Release|Any CPU
		{CFC5ADB9-CB36-4125-9FC4-FD51F5C2C357}.Debug|Any CPU.ActiveCfg = Debug|Any CPU
		{CFC5ADB9-CB36-4125-9FC4-FD51F5C2C357}.Debug|Any CPU.Build.0 = Debug|Any CPU
		{CFC5ADB9-CB36-4125-9FC4-FD51F5C2C357}.Release|Any CPU.ActiveCfg = Release|Any CPU
		{CFC5ADB9-CB36-4125-9FC4-FD51F5C2C357}.Release|Any CPU.Build.0 = Release|Any CPU
		{59AA9E52-35EE-45A7-A37C-2147BA7B533E}.Debug|Any CPU.ActiveCfg = Debug|Any CPU
		{59AA9E52-35EE-45A7-A37C-2147BA7B533E}.Debug|Any CPU.Build.0 = Debug|Any CPU
		{59AA9E52-35EE-45A7-A37C-2147BA7B533E}.Release|Any CPU.ActiveCfg = Release|Any CPU
		{59AA9E52-35EE-45A7-A37C-2147BA7B533E}.Release|Any CPU.Build.0 = Release|Any CPU
		{AC840295-5ECC-405B-AE3D-0F37D8BD171A}.Debug|Any CPU.ActiveCfg = Debug|Any CPU
		{AC840295-5ECC-405B-AE3D-0F37D8BD171A}.Debug|Any CPU.Build.0 = Debug|Any CPU
		{AC840295-5ECC-405B-AE3D-0F37D8BD171A}.Release|Any CPU.ActiveCfg = Release|Any CPU
		{AC840295-5ECC-405B-AE3D-0F37D8BD171A}.Release|Any CPU.Build.0 = Release|Any CPU
		{735AB3A9-745C-4825-A96E-B0D985837484}.Debug|Any CPU.ActiveCfg = Debug|Any CPU
		{735AB3A9-745C-4825-A96E-B0D985837484}.Debug|Any CPU.Build.0 = Debug|Any CPU
		{735AB3A9-745C-4825-A96E-B0D985837484}.Release|Any CPU.ActiveCfg = Release|Any CPU
		{735AB3A9-745C-4825-A96E-B0D985837484}.Release|Any CPU.Build.0 = Release|Any CPU
	EndGlobalSection
	GlobalSection(SolutionProperties) = preSolution
		HideSolutionNode = FALSE
	EndGlobalSection
	GlobalSection(NestedProjects) = preSolution
		{293607E3-F4EF-48E9-9EC7-EED8804186F8} = {7DCA60F3-61C2-445B-9029-330F63B2F60A}
		{24C799C0-1856-4014-A163-202D2AE6D071} = {7DCA60F3-61C2-445B-9029-330F63B2F60A}
		{0F82CD24-4996-49C4-91BE-3625CF6A7DA9} = {7DCA60F3-61C2-445B-9029-330F63B2F60A}
		{77A77B6E-B25D-4701-8ADD-D3CBCC453C1E} = {7DCA60F3-61C2-445B-9029-330F63B2F60A}
		{A0BA557C-A2D3-459C-9BA0-29D3A7C28693} = {7DCA60F3-61C2-445B-9029-330F63B2F60A}
		{F572BE55-7112-429D-9410-9A5839D42F38} = {B347FE7F-2174-4647-BA70-8ACD2B4C33EC}
		{AB8F9A1E-C076-4E25-9280-5036BE8BA60C} = {B347FE7F-2174-4647-BA70-8ACD2B4C33EC}
		{E2801611-CBD7-4280-B7AF-83BC64633673} = {B347FE7F-2174-4647-BA70-8ACD2B4C33EC}
		{9333634F-CE61-4902-A2D4-54C71D43BD0E} = {B347FE7F-2174-4647-BA70-8ACD2B4C33EC}
		{8AF4C203-5836-4C49-9A47-5AEC2CEDE9A8} = {B347FE7F-2174-4647-BA70-8ACD2B4C33EC}
		{B338BD36-A56E-4FC8-955B-19331AD04910} = {BB8AF711-9F86-4E15-8FE8-2A2A837EF2CC}
		{1A9C8484-5ABA-449D-A699-6E711C98F0C1} = {BB8AF711-9F86-4E15-8FE8-2A2A837EF2CC}
		{F2AA6151-FCC1-4B59-A87F-D52546289CBC} = {BB8AF711-9F86-4E15-8FE8-2A2A837EF2CC}
		{DF1DDD96-690E-40C1-808C-0BA9201D6404} = {BB8AF711-9F86-4E15-8FE8-2A2A837EF2CC}
		{F16A438B-247F-402F-BCD3-736C78032DB5} = {3A8B0413-B179-4709-AC11-0F848FD5E697}
		{CFC5ADB9-CB36-4125-9FC4-FD51F5C2C357} = {3A8B0413-B179-4709-AC11-0F848FD5E697}
		{59AA9E52-35EE-45A7-A37C-2147BA7B533E} = {3A8B0413-B179-4709-AC11-0F848FD5E697}
		{AC840295-5ECC-405B-AE3D-0F37D8BD171A} = {3A8B0413-B179-4709-AC11-0F848FD5E697}
		{735AB3A9-745C-4825-A96E-B0D985837484} = {28E16C4B-D24A-4DE6-8D3D-69F4A90C37AB}
	EndGlobalSection
	GlobalSection(ExtensibilityGlobals) = postSolution
		SolutionGuid = {7750C8FE-4A09-4885-8E28-B7A482263D37}
	EndGlobalSection
EndGlobal
